# THIS IS AN AUTOGENERATED FILE. DO NOT EDIT THIS FILE DIRECTLY.
# yarn lockfile v1


"@vuetify/cli-plugin-utils@^0.0.8":
  version "0.0.8"
  resolved "https://registry.yarnpkg.com/@vuetify/cli-plugin-utils/-/cli-plugin-utils-0.0.8.tgz#bb2d169a3ab30529c6f98530c2920a3831f73a48"
  integrity sha512-LXZ89vUtO0r/zOoCkc9blm3hxKe0EwusLXWHCntk4uHbjHWf57kAK2esyR9tRFPrus2AoSpOP80/XlaYWd+SPg==
  dependencies:
    semver "^7.1.2"

semver@^7.1.2:
  version "7.3.2"
  resolved "https://registry.yarnpkg.com/semver/-/semver-7.3.2.tgz#604962b052b81ed0786aae84389ffba70ffd3938"
  integrity sha512-OrOb32TeeambH6UrhtShmF7CRDqhL6/5XpPNp2DuRH6+9QLw/orhp72j87v8Qa1ScDkvrrBNpZcDejAirJmfXQ==
