# THIS IS AN AUTOGENERATED FILE. DO NOT EDIT THIS FILE DIRECTLY.
# yarn lockfile v1


"@vuetify/cli-plugin-utils@^0.0.7":
  version "0.0.7"
  resolved "https://registry.yarnpkg.com/@vuetify/cli-plugin-utils/-/cli-plugin-utils-0.0.7.tgz#103e0ce504253dbe87bc7fe7e096992beac9bf9b"
  integrity sha512-34INe4rcsus6ByNgrpIPAyJaTRt1j+5YaMWt2Lh3iDZLn9h69tEp83Imqefze7weRbg+qukJYdnaWDFjFUAf2g==
  dependencies:
    semver "^7.1.2"

semver@^7.1.2:
  version "7.3.2"
  resolved "https://registry.yarnpkg.com/semver/-/semver-7.3.2.tgz#604962b052b81ed0786aae84389ffba70ffd3938"
  integrity sha512-OrOb32TeeambH6UrhtShmF7CRDqhL6/5XpPNp2DuRH6+9QLw/orhp72j87v8Qa1ScDkvrrBNpZcDejAirJmfXQ==
